github.com/BurntSushi/toml v0.3.0 h1:e1/Ivsx3Z0FVTV0NSOv/aVgbUWyQuzj7DDnFblkRvsY=
github.com/BurntSushi/toml v0.3.0/go.mod h1:xHWCNGjB5oqiDr8zfno3MHue2Ht5sIBksp03qcyfWMU=
github.com/creack/goselect v0.0.0-20160714172859-1bd5ca702c61 h1:T/S5GeXYV5O0wg3dbi+sxqvvSMAt2sOKodHjQkZUWNY=
github.com/creack/goselect v0.0.0-20160714172859-1bd5ca702c61/go.mod h1:gHrIcH/9UZDn2qgeTUeW5K9eZsVYCH6/60J/FHysWyE=
github.com/gorilla/context v0.0.0-20160226214623-1ea25387ff6f h1:9oNbS1z4rVpbnkHBdPZU4jo9bSmrLpII768arSyMFgk=
github.com/gorilla/context v0.0.0-20160226214623-1ea25387ff6f/go.mod h1:kBGZzfjB9CEq2AlWe17Uuf7NDRt0dE0s8S51q0aT7Yg=
github.com/gorilla/mux v1.6.0 h1:UykbtMB/w5No2LmE16gINgLj+r/vbziTgaoERQv6U+0=
github.com/gorilla/mux v1.6.0/go.mod h1:1lud6UwP+6orDFRuTfBEV8e9/aOM/c4fVVCaMa2zaAs=
github.com/gorilla/websocket v1.2.0 h1:VJtLvh6VQym50czpZzx07z/kw9EgAxI3x1ZB8taTMQQ=
github.com/gorilla/websocket v1.2.0/go.mod h1:E7qHFY5m1UJ88s3WnNqhKjPHQ0heANvMoAMk2YaljkQ=
github.com/jteeuwen/go-bindata v3.0.7+incompatible h1:91Uy4d9SYVr1kyTJ15wJsog+esAZZl7JmEfTkwmhJts=
github.com/jteeuwen/go-bindata v3.0.7+incompatible/go.mod h1:JVvhzYOiGBnFSYRyV00iY8q7/0PThjIYav1p9h5dmKs=
github.com/rkjdid/errors v0.0.0-20170526093139-c9dd0c1e5fc1 h1:oniRbbyE/a3DE8AI7Doq9OBG1RGDBJt+7RAKLJr1pzY=
github.com/rkjdid/errors v0.0.0-20170526093139-c9dd0c1e5fc1/go.mod h1:QUH6WBUDuD3l+WvfLGPNqq1OEHqtj4uAjPTzNzC14UY=
github.com/rkjdid/util v0.0.0-20171112122515-ba6a983d9160 h1:sPL3Ex/05oEZLRk30EfrZNBSWt1e6xLr44FLeeoFm38=
github.com/rkjdid/util v0.0.0-20171112122515-ba6a983d9160/go.mod h1:Xrv8r6C95LMx44T6XmIx+iZtJQt66w1Pf35s8nyYhB8=
go.bug.st/serial.v1 v0.0.0-20170728081230-eae1344f9f90 h1:QVVy47wah4+TlNhOAqX52j42I+qY8eoyXQQA+CHaSM0=
go.bug.st/serial.v1 v0.0.0-20170728081230-eae1344f9f90/go.mod h1:dRSl/CVCTf56CkXgJMDOdSwNfo2g1orOGE/gBGdvjZw=
golang.org/x/sys v0.0.0-20171208153348-b8f5ef32195c h1:mVTDbwo5OFWVQw5K7fkzlFSiH55Db0+JDFjQSIEkNHk=
golang.org/x/sys v0.0.0-20171208153348-b8f5ef32195c/go.mod h1:STP8DvDyc/dI5b8T5hshtkjS+E42TnysNCUPdjciGhY=
